
Microsoft Visual Studio Solution File, Format Version 12.00
# Visual Studio Version 16
VisualStudioVersion = 16.0.30717.126
MinimumVisualStudioVersion = 10.0.40219.1
Project("{FAE04EC0-301F-11D3-BF4B-00C04F79EFBC}") = "FinalQuizAddPersonData", "FinalQuizAddPersonData.csproj", "{818AFCEC-FB25-4F8D-BA59-2A59540AB471}"
EndProject
Global
	GlobalSection(SolutionConfigurationPlatforms) = preSolution
		Debug|Any CPU = Debug|Any CPU
		Release|Any CPU = Release|Any CPU
	EndGlobalSection
	GlobalSection(ProjectConfigurationPlatforms) = postSolution
		{818AFCEC-FB25-4F8D-BA59-2A59540AB471}.Debug|Any CPU.ActiveCfg = Debug|Any CPU
		{818AFCEC-FB25-4F8D-BA59-2A59540AB471}.Debug|Any CPU.Build.0 = Debug|Any CPU
		{818AFCEC-FB25-4F8D-BA59-2A59540AB471}.Release|Any CPU.ActiveCfg = Release|Any CPU
		{818AFCEC-FB25-4F8D-BA59-2A59540AB471}.Release|Any CPU.Build.0 = Release|Any CPU
	EndGlobalSection
	GlobalSection(SolutionProperties) = preSolution
		HideSolutionNode = FALSE
	EndGlobalSection
	GlobalSection(ExtensibilityGlobals) = postSolution
		SolutionGuid = {9FA2ADFE-5D14-4CFD-9EB9-DE8F904684F5}
	EndGlobalSection
EndGlobal
